// !$*UTF8*$!
{
	archiveVersion = 1;
	classes = {
	};
	objectVersion = 48;
	objects = {

/* Begin PBXBuildFile section */
		9CB760C1224200A000B742EE /* AppDelegate.m in Sources */ = {isa = PBXBuildFile; fileRef = 9CB760C0224200A000B742EE /* AppDelegate.m */; };
		9CB760C4224200A000B742EE /* ViewController.m in Sources */ = {isa = PBXBuildFile; fileRef = 9CB760C3224200A000B742EE /* ViewController.m */; };
		9CB760C7224200A000B742EE /* Main.storyboard in Resources */ = {isa = PBXBuildFile; fileRef = 9CB760C5224200A000B742EE /* Main.storyboard */; };
		9CB760CA224200A000B742EE /* Assignment5.xcdatamodeld in Sources */ = {isa = PBXBuildFile; fileRef = 9CB760C8224200A000B742EE /* Assignment5.xcdatamodeld */; };
		9CB760CC224200A000B742EE /* Assets.xcassets in Resources */ = {isa = PBXBuildFile; fileRef = 9CB760CB224200A000B742EE /* Assets.xcassets */; };
		9CB760CF224200A000B742EE /* LaunchScreen.storyboard in Resources */ = {isa = PBXBuildFile; fileRef = 9CB760CD224200A000B742EE /* LaunchScreen.storyboard */; };
		9CB760D2224200A000B742EE /* main.m in Sources */ = {isa = PBXBuildFile; fileRef = 9CB760D1224200A000B742EE /* main.m */; };
		9CB760DC22420E8000B742EE /* countrylist.json in Resources */ = {isa = PBXBuildFile; fileRef = 9CB760DE22420E8000B742EE /* countrylist.json */; };
/* End PBXBuildFile section */

/* Begin PBXFileReference section */
		9CB760BC224200A000B742EE /* Assignment5.app */ = {isa = PBXFileReference; explicitFileType = wrapper.application; includeInIndex = 0; path = Assignment5.app; sourceTree = BUILT_PRODUCTS_DIR; };
		9CB760BF224200A000B742EE /* AppDelegate.h */ = {isa = PBXFileReference; lastKnownFileType = sourcecode.c.h; path = AppDelegate.h; sourceTree = "<group>"; };
		9CB760C0224200A000B742EE /* AppDelegate.m */ = {isa = PBXFileReference; lastKnownFileType = sourcecode.c.objc; path = AppDelegate.m; sourceTree = "<group>"; };
		9CB760C2224200A000B742EE /* ViewController.h */ = {isa = PBXFileReference; lastKnownFileType = sourcecode.c.h; path = ViewController.h; sourceTree = "<group>"; };
		9CB760C3224200A000B742EE /* ViewController.m */ = {isa = PBXFileReference; lastKnownFileType = sourcecode.c.objc; path = ViewController.m; sourceTree = "<group>"; };
		9CB760C6224200A000B742EE /* Base */ = {isa = PBXFileReference; lastKnownFileType = file.storyboard; name = Base; path = Base.lproj/Main.storyboard; sourceTree = "<group>"; };
		9CB760C9224200A000B742EE /* Assignment5.xcdatamodel */ = {isa = PBXFileReference; lastKnownFileType = wrapper.xcdatamodel; path = Assignment5.xcdatamodel; sourceTree = "<group>"; };
		9CB760CB224200A000B742EE /* Assets.xcassets */ = {isa = PBXFileReference; lastKnownFileType = folder.assetcatalog; path = Assets.xcassets; sourceTree = "<group>"; };
		9CB760CE224200A000B742EE /* Base */ = {isa = PBXFileReference; lastKnownFileType = file.storyboard; name = Base; path = Base.lproj/LaunchScreen.storyboard; sourceTree = "<group>"; };
		9CB760D0224200A000B742EE /* Info.plist */ = {isa = PBXFileReference; lastKnownFileType = text.plist.xml; path = Info.plist; sourceTree = "<group>"; };
		9CB760D1224200A000B742EE /* main.m */ = {isa = PBXFileReference; lastKnownFileType = sourcecode.c.objc; path = main.m; sourceTree = "<group>"; };
		9CB760E122420FA100B742EE /* en */ = {isa = PBXFileReference; lastKnownFileType = text.json; name = en; path = en.lproj/countrylist.json; sourceTree = "<group>"; };
/* End PBXFileReference section */

/* Begin PBXFrameworksBuildPhase section */
		9CB760B9224200A000B742EE /* Frameworks */ = {
			isa = PBXFrameworksBuildPhase;
			buildActionMask = 2147483647;
			files = (
			);
			runOnlyForDeploymentPostprocessing = 0;
		};
/* End PBXFrameworksBuildPhase section */

/* Begin PBXGroup section */
		9CB760B3224200A000B742EE = {
			isa = PBXGroup;
			children = (
				9CB760BE224200A000B742EE /* Assignment5 */,
				9CB760BD224200A000B742EE /* Products */,
			);
			sourceTree = "<group>";
		};
		9CB760BD224200A000B742EE /* Products */ = {
			isa = PBXGroup;
			children = (
				9CB760BC224200A000B742EE /* Assignment5.app */,
			);
			name = Products;
			sourceTree = "<group>";
		};
		9CB760BE224200A000B742EE /* Assignment5 */ = {
			isa = PBXGroup;
			children = (
				9CB760DE22420E8000B742EE /* countrylist.json */,
				9CB760BF224200A000B742EE /* AppDelegate.h */,
				9CB760C0224200A000B742EE /* AppDelegate.m */,
				9CB760C2224200A000B742EE /* ViewController.h */,
				9CB760C3224200A000B742EE /* ViewController.m */,
				9CB760C5224200A000B742EE /* Main.storyboard */,
				9CB760CB224200A000B742EE /* Assets.xcassets */,
				9CB760CD224200A000B742EE /* LaunchScreen.storyboard */,
				9CB760D0224200A000B742EE /* Info.plist */,
				9CB760D1224200A000B742EE /* main.m */,
				9CB760C8224200A000B742EE /* Assignment5.xcdatamodeld */,
			);
			path = Assignment5;
			sourceTree = "<group>";
		};
/* End PBXGroup section */

/* Begin PBXNativeTarget section */
		9CB760BB224200A000B742EE /* Assignment5 */ = {
			isa = PBXNativeTarget;
			buildConfigurationList = 9CB760D5224200A000B742EE /* Build configuration list for PBXNativeTarget "Assignment5" */;
			buildPhases = (
				9CB760B8224200A000B742EE /* Sources */,
				9CB760B9224200A000B742EE /* Frameworks */,
				9CB760BA224200A000B742EE /* Resources */,
			);
			buildRules = (
			);
			dependencies = (
			);
			name = Assignment5;
			productName = Assignment5;
			productReference = 9CB760BC224200A000B742EE /* Assignment5.app */;
			productType = "com.apple.product-type.application";
		};
/* End PBXNativeTarget section */

/* Begin PBXProject section */
		9CB760B4224200A000B742EE /* Project object */ = {
			isa = PBXProject;
			attributes = {
				LastUpgradeCheck = 0920;
				ORGANIZATIONNAME = Varshesh;
				TargetAttributes = {
					9CB760BB224200A000B742EE = {
						CreatedOnToolsVersion = 9.2;
						ProvisioningStyle = Automatic;
					};
				};
			};
			buildConfigurationList = 9CB760B7224200A000B742EE /* Build configuration list for PBXProject "Assignment5" */;
			compatibilityVersion = "Xcode 8.0";
			developmentRegion = en;
			hasScannedForEncodings = 0;
			knownRegions = (
				en,
				Base,
			);
			mainGroup = 9CB760B3224200A000B742EE;
			productRefGroup = 9CB760BD224200A000B742EE /* Products */;
			projectDirPath = "";
			projectRoot = "";
			targets = (
				9CB760BB224200A000B742EE /* Assignment5 */,
			);
		};
/* End PBXProject section */

/* Begin PBXResourcesBuildPhase section */
		9CB760BA224200A000B742EE /* Resources */ = {
			isa = PBXResourcesBuildPhase;
			buildActionMask = 2147483647;
			files = (
				9CB760DC22420E8000B742EE /* countrylist.json in Resources */,
				9CB760CF224200A000B742EE /* LaunchScreen.storyboard in Resources */,
				9CB760CC224200A000B742EE /* Assets.xcassets in Resources */,
				9CB760C7224200A000B742EE /* Main.storyboard in Resources */,
			);
			runOnlyForDeploymentPostprocessing = 0;
		};
/* End PBXResourcesBuildPhase section */

/* Begin PBXSourcesBuildPhase section */
		9CB760B8224200A000B742EE /* Sources */ = {
			isa = PBXSourcesBuildPhase;
			buildActionMask = 2147483647;
			files = (
				9CB760C4224200A000B742EE /* ViewController.m in Sources */,
				9CB760C1224200A000B742EE /* AppDelegate.m in Sources */,
				9CB760D2224200A000B742EE /* main.m in Sources */,
				9CB760CA224200A000B742EE /* Assignment5.xcdatamodeld in Sources */,
			);
			runOnlyForDeploymentPostprocessing = 0;
		};
/* End PBXSourcesBuildPhase section */

/* Begin PBXVariantGroup section */
		9CB760C5224200A000B742EE /* Main.storyboard */ = {
			isa = PBXVariantGroup;
			children = (
				9CB760C6224200A000B742EE /* Base */,
			);
			name = Main.storyboard;
			sourceTree = "<group>";
		};
		9CB760CD224200A000B742EE /* LaunchScreen.storyboard */ = {
			isa = PBXVariantGroup;
			children = (
				9CB760CE224200A000B742EE /* Base */,
			);
			name = LaunchScreen.storyboard;
			sourceTree = "<group>";
		};
		9CB760DE22420E8000B742EE /* countrylist.json */ = {
			isa = PBXVariantGroup;
			children = (
				9CB760E122420FA100B742EE /* en */,
			);
			name = countrylist.json;
			sourceTree = "<group>";
		};
/* End PBXVariantGroup section */

/* Begin XCBuildConfiguration section */
		9CB760D3224200A000B742EE /* Debug */ = {
			isa = XCBuildConfiguration;
			buildSettings = {
				ALWAYS_SEARCH_USER_PATHS = NO;
				CLANG_ANALYZER_NONNULL = YES;
				CLANG_ANALYZER_NUMBER_OBJECT_CONVERSION = YES_AGGRESSIVE;
				CLANG_CXX_LANGUAGE_STANDARD = "gnu++14";
				CLANG_CXX_LIBRARY = "libc++";
				CLANG_ENABLE_MODULES = YES;
				CLANG_ENABLE_OBJC_ARC = YES;
				CLANG_WARN_BLOCK_CAPTURE_AUTORELEASING = YES;
				CLANG_WARN_BOOL_CONVERSION = YES;
				CLANG_WARN_COMMA = YES;
				CLANG_WARN_CONSTANT_CONVERSION = YES;
				CLANG_WARN_DIRECT_OBJC_ISA_USAGE = YES_ERROR;
				CLANG_WARN_DOCUMENTATION_COMMENTS = YES;
				CLANG_WARN_EMPTY_BODY = YES;
				CLANG_WARN_ENUM_CONVERSION = YES;
				CLANG_WARN_INFINITE_RECURSION = YES;
				CLANG_WARN_INT_CONVERSION = YES;
				CLANG_WARN_NON_LITERAL_NULL_CONVERSION = YES;
				CLANG_WARN_OBJC_LITERAL_CONVERSION = YES;
				CLANG_WARN_OBJC_ROOT_CLASS = YES_ERROR;
				CLANG_WARN_RANGE_LOOP_ANALYSIS = YES;
				CLANG_WARN_STRICT_PROTOTYPES = YES;
				CLANG_WARN_SUSPICIOUS_MOVE = YES;
				CLANG_WARN_UNGUARDED_AVAILABILITY = YES_AGGRESSIVE;
				CLANG_WARN_UNREACHABLE_CODE = YES;
				CLANG_WARN__DUPLICATE_METHOD_MATCH = YES;
				CODE_SIGN_IDENTITY = "iPhone Developer";
				COPY_PHASE_STRIP = NO;
				DEBUG_INFORMATION_FORMAT = dwarf;
				ENABLE_STRICT_OBJC_MSGSEND = YES;
				ENABLE_TESTABILITY = YES;
				GCC_C_LANGUAGE_STANDARD = gnu11;
				GCC_DYNAMIC_NO_PIC = NO;
				GCC_NO_COMMON_BLOCKS = YES;
				GCC_OPTIMIZATION_LEVEL = 0;
				GCC_PREPROCESSOR_DEFINITIONS = (
					"DEBUG=1",
					"$(inherited)",
				);
				GCC_WARN_64_TO_32_BIT_CONVERSION = YES;
				GCC_WARN_ABOUT_RETURN_TYPE = YES_ERROR;
				GCC_WARN_UNDECLARED_SELECTOR = YES;
				GCC_WARN_UNINITIALIZED_AUTOS = YES_AGGRESSIVE;
				GCC_WARN_UNUSED_FUNCTION = YES;
				GCC_WARN_UNUSED_VARIABLE = YES;
				IPHONEOS_DEPLOYMENT_TARGET = 11.2;
				MTL_ENABLE_DEBUG_INFO = YES;
				ONLY_ACTIVE_ARCH = YES;
				SDKROOT = iphoneos;
			};
			name = Debug;
		};
		9CB760D4224200A000B742EE /* Release */ = {
			isa = XCBuildConfiguration;
			buildSettings = {
				ALWAYS_SEARCH_USER_PATHS = NO;
				CLANG_ANALYZER_NONNULL = YES;
				CLANG_ANALYZER_NUMBER_OBJECT_CONVERSION = YES_AGGRESSIVE;
				CLANG_CXX_LANGUAGE_STANDARD = "gnu++14";
				CLANG_CXX_LIBRARY = "libc++";
				CLANG_ENABLE_MODULES = YES;
				CLANG_ENABLE_OBJC_ARC = YES;
				CLANG_WARN_BLOCK_CAPTURE_AUTORELEASING = YES;
				CLANG_WARN_BOOL_CONVERSION = YES;
				CLANG_WARN_COMMA = YES;
				CLANG_WARN_CONSTANT_CONVERSION = YES;
				CLANG_WARN_DIRECT_OBJC_ISA_USAGE = YES_ERROR;
				CLANG_WARN_DOCUMENTATION_COMMENTS = YES;
				CLANG_WARN_EMPTY_BODY = YES;
				CLANG_WARN_ENUM_CONVERSION = YES;
				CLANG_WARN_INFINITE_RECURSION = YES;
				CLANG_WARN_INT_CONVERSION = YES;
				CLANG_WARN_NON_LITERAL_NULL_CONVERSION = YES;
				CLANG_WARN_OBJC_LITERAL_CONVERSION = YES;
				CLANG_WARN_OBJC_ROOT_CLASS = YES_ERROR;
				CLANG_WARN_RANGE_LOOP_ANALYSIS = YES;
				CLANG_WARN_STRICT_PROTOTYPES = YES;
				CLANG_WARN_SUSPICIOUS_MOVE = YES;
				CLANG_WARN_UNGUARDED_AVAILABILITY = YES_AGGRESSIVE;
				CLANG_WARN_UNREACHABLE_CODE = YES;
				CLANG_WARN__DUPLICATE_METHOD_MATCH = YES;
				CODE_SIGN_IDENTITY = "iPhone Developer";
				COPY_PHASE_STRIP = NO;
				DEBUG_INFORMATION_FORMAT = "dwarf-with-dsym";
				ENABLE_NS_ASSERTIONS = NO;
				ENABLE_STRICT_OBJC_MSGSEND = YES;
				GCC_C_LANGUAGE_STANDARD = gnu11;
				GCC_NO_COMMON_BLOCKS = YES;
				GCC_WARN_64_TO_32_BIT_CONVERSION = YES;
				GCC_WARN_ABOUT_RETURN_TYPE = YES_ERROR;
				GCC_WARN_UNDECLARED_SELECTOR = YES;
				GCC_WARN_UNINITIALIZED_AUTOS = YES_AGGRESSIVE;
				GCC_WARN_UNUSED_FUNCTION = YES;
				GCC_WARN_UNUSED_VARIABLE = YES;
				IPHONEOS_DEPLOYMENT_TARGET = 11.2;
				MTL_ENABLE_DEBUG_INFO = NO;
				SDKROOT = iphoneos;
				VALIDATE_PRODUCT = YES;
			};
			name = Release;
		};
		9CB760D6224200A000B742EE /* Debug */ = {
			isa = XCBuildConfiguration;
			buildSettings = {
				ASSETCATALOG_COMPILER_APPICON_NAME = AppIcon;
				CODE_SIGN_STYLE = Automatic;
				INFOPLIST_FILE = Assignment5/Info.plist;
				LD_RUNPATH_SEARCH_PATHS = "$(inherited) @executable_path/Frameworks";
				PRODUCT_BUNDLE_IDENTIFIER = promact.Assignment5;
				PRODUCT_NAME = "$(TARGET_NAME)";
				TARGETED_DEVICE_FAMILY = "1,2";
			};
			name = Debug;
		};
		9CB760D7224200A000B742EE /* Release */ = {
			isa = XCBuildConfiguration;
			buildSettings = {
				ASSETCATALOG_COMPILER_APPICON_NAME = AppIcon;
				CODE_SIGN_STYLE = Automatic;
				INFOPLIST_FILE = Assignment5/Info.plist;
				LD_RUNPATH_SEARCH_PATHS = "$(inherited) @executable_path/Frameworks";
				PRODUCT_BUNDLE_IDENTIFIER = promact.Assignment5;
				PRODUCT_NAME = "$(TARGET_NAME)";
				TARGETED_DEVICE_FAMILY = "1,2";
			};
			name = Release;
		};
/* End XCBuildConfiguration section */

/* Begin XCConfigurationList section */
		9CB760B7224200A000B742EE /* Build configuration list for PBXProject "Assignment5" */ = {
			isa = XCConfigurationList;
			buildConfigurations = (
				9CB760D3224200A000B742EE /* Debug */,
				9CB760D4224200A000B742EE /* Release */,
			);
			defaultConfigurationIsVisible = 0;
			defaultConfigurationName = Release;
		};
		9CB760D5224200A000B742EE /* Build configuration list for PBXNativeTarget "Assignment5" */ = {
			isa = XCConfigurationList;
			buildConfigurations = (
				9CB760D6224200A000B742EE /* Debug */,
				9CB760D7224200A000B742EE /* Release */,
			);
			defaultConfigurationIsVisible = 0;
			defaultConfigurationName = Release;
		};
/* End XCConfigurationList section */

/* Begin XCVersionGroup section */
		9CB760C8224200A000B742EE /* Assignment5.xcdatamodeld */ = {
			isa = XCVersionGroup;
			children = (
				9CB760C9224200A000B742EE /* Assignment5.xcdatamodel */,
			);
			currentVersion = 9CB760C9224200A000B742EE /* Assignment5.xcdatamodel */;
			path = Assignment5.xcdatamodeld;
			sourceTree = "<group>";
			versionGroupType = wrapper.xcdatamodel;
		};
/* End XCVersionGroup section */
	};
	rootObject = 9CB760B4224200A000B742EE /* Project object */;
}
